
Microsoft Visual Studio Solution File, Format Version 12.00
# Visual Studio Version 17
VisualStudioVersion = 17.8.34408.163
MinimumVisualStudioVersion = 10.0.40219.1
Project("{FAE04EC0-301F-11D3-BF4B-00C04F79EFBC}") = "Task4", "Task4\Task4.csproj", "{0B9F0461-348B-4328-95BB-BBF4A7A5D940}"
EndProject
Global
	GlobalSection(SolutionConfigurationPlatforms) = preSolution
		Debug|Any CPU = Debug|Any CPU
		Release|Any CPU = Release|Any CPU
	EndGlobalSection
	GlobalSection(ProjectConfigurationPlatforms) = postSolution
		{0B9F0461-348B-4328-95BB-BBF4A7A5D940}.Debug|Any CPU.ActiveCfg = Debug|Any CPU
		{0B9F0461-348B-4328-95BB-BBF4A7A5D940}.Debug|Any CPU.Build.0 = Debug|Any CPU
		{0B9F0461-348B-4328-95BB-BBF4A7A5D940}.Release|Any CPU.ActiveCfg = Release|Any CPU
		{0B9F0461-348B-4328-95BB-BBF4A7A5D940}.Release|Any CPU.Build.0 = Release|Any CPU
	EndGlobalSection
	GlobalSection(SolutionProperties) = preSolution
		HideSolutionNode = FALSE
	EndGlobalSection
	GlobalSection(ExtensibilityGlobals) = postSolution
		SolutionGuid = {F1B5B656-88D3-40FE-9E17-C87AA7AAE12F}
	EndGlobalSection
EndGlobal
