
Microsoft Visual Studio Solution File, Format Version 12.00
# Visual Studio Version 17
VisualStudioVersion = 17.8.34408.163
MinimumVisualStudioVersion = 10.0.40219.1
Project("{FAE04EC0-301F-11D3-BF4B-00C04F79EFBC}") = "PDtask4", "PDtask4\PDtask4.csproj", "{F6437B79-902D-4A09-932A-E2E79B52A7EE}"
EndProject
Global
	GlobalSection(SolutionConfigurationPlatforms) = preSolution
		Debug|Any CPU = Debug|Any CPU
		Release|Any CPU = Release|Any CPU
	EndGlobalSection
	GlobalSection(ProjectConfigurationPlatforms) = postSolution
		{F6437B79-902D-4A09-932A-E2E79B52A7EE}.Debug|Any CPU.ActiveCfg = Debug|Any CPU
		{F6437B79-902D-4A09-932A-E2E79B52A7EE}.Debug|Any CPU.Build.0 = Debug|Any CPU
		{F6437B79-902D-4A09-932A-E2E79B52A7EE}.Release|Any CPU.ActiveCfg = Release|Any CPU
		{F6437B79-902D-4A09-932A-E2E79B52A7EE}.Release|Any CPU.Build.0 = Release|Any CPU
	EndGlobalSection
	GlobalSection(SolutionProperties) = preSolution
		HideSolutionNode = FALSE
	EndGlobalSection
	GlobalSection(ExtensibilityGlobals) = postSolution
		SolutionGuid = {8790C2DB-439E-4189-BE14-B7DBC8EB22F6}
	EndGlobalSection
EndGlobal
